{
  "name": "@alo-labs/kay",
  "version": "0.9.0",
  "lockfileVersion": 3,
  "packages": {
    "": {
      "name": "@alo-labs/kay",
      "version": "0.9.0",
      "license": "Apache-2.0",
      "bin": {
        "codex": "bin/codex.js",
        "code": "bin/codex.js",
        "coder": "bin/coder.js"
      },
      "engines": {
        "node": ">=16"
      }
    }
  }
}
